
Microsoft Visual Studio Solution File, Format Version 12.00
# Visual Studio 15
VisualStudioVersion = 15.0.27004.2009
MinimumVisualStudioVersion = 10.0.40219.1
Project("{FAE04EC0-301F-11D3-BF4B-00C04F79EFBC}") = "ThreeDCart.Core", "3DCart.Core\ThreeDCart.Core.csproj", "{12B418A8-A9AA-466D-86B4-336E1FDB7C2C}"
EndProject
Global
	GlobalSection(SolutionConfigurationPlatforms) = preSolution
		Debug|Any CPU = Debug|Any CPU
		Release|Any CPU = Release|Any CPU
	EndGlobalSection
	GlobalSection(ProjectConfigurationPlatforms) = postSolution
		{12B418A8-A9AA-466D-86B4-336E1FDB7C2C}.Debug|Any CPU.ActiveCfg = Debug|Any CPU
		{12B418A8-A9AA-466D-86B4-336E1FDB7C2C}.Debug|Any CPU.Build.0 = Debug|Any CPU
		{12B418A8-A9AA-466D-86B4-336E1FDB7C2C}.Release|Any CPU.ActiveCfg = Release|Any CPU
		{12B418A8-A9AA-466D-86B4-336E1FDB7C2C}.Release|Any CPU.Build.0 = Release|Any CPU
	EndGlobalSection
	GlobalSection(SolutionProperties) = preSolution
		HideSolutionNode = FALSE
	EndGlobalSection
	GlobalSection(ExtensibilityGlobals) = postSolution
		SolutionGuid = {D830CDA9-6A52-4D61-A688-B3AD669D19F5}
	EndGlobalSection
	GlobalSection(TeamFoundationVersionControl) = preSolution
		SccNumberOfProjects = 2
		SccEnterpriseProvider = {4CA58AB2-18FA-4F8D-95D4-32DDF27D184C}
		SccTeamFoundationServer = https://jmawebtech.visualstudio.com/
		SccLocalPath0 = .
		SccProjectUniqueName1 = 3DCart.Core\\ThreeDCart.Core.csproj
		SccProjectName1 = 3DCart.Core
		SccLocalPath1 = 3DCart.Core
	EndGlobalSection
EndGlobal
